PODS:
  - DropDown (2.3.13)
  - SideMenu (6.5.0)

DEPENDENCIES:
  - DropDown
  - SideMenu

SPEC REPOS:
  trunk:
    - DropDown
    - SideMenu

SPEC CHECKSUMS:
  DropDown: 8a2116376c1981888557f72ec2ffc9a5e0e456ec
  SideMenu: f583187d21c5b1dd04c72002be544b555a2627a2

PODFILE CHECKSUM: 6e6d7d3bd623f89b0feae4e1459712d3fac256b7

COCOAPODS: 1.10.2
